{
  "name": "@bufbuild/connect-query",
  "version": "0.4.0",
  "lockfileVersion": 3,
  "requires": true,
  "packages": {
    "": {
      "name": "@bufbuild/connect-query",
      "version": "0.4.0",
      "license": "Apache-2.0",
      "dependencies": {
        "@bufbuild/jest-environment-jsdom": "^0.1.0",
        "stable-hash": "^0.0.3"
      },
      "devDependencies": {
        "@bufbuild/connect": "^0.9.1",
        "@bufbuild/connect-web": "^0.9.1",
        "@bufbuild/protobuf": "^1.2.0",
        "@bufbuild/protoc-gen-es": "^1.2.0",
        "@tanstack/react-query": "^4.29.7",
        "@testing-library/react": "^14.0.0",
        "@types/react": "^18.2.6",
        "@types/react-dom": "^18.2.4",
        "generated-react": "*",
        "react": "^18.2.0",
        "react-dom": "^18.2.0",
        "tsup": "^6.7.0",
        "typescript": "^5.0.4"
      },
      "peerDependencies": {
        "@bufbuild/connect": ">=0.9.1",
        "@bufbuild/protobuf": ">=1.2.0",
        "@tanstack/react-query": "^4.20.4",
        "react": "^18.2.0",
        "react-dom": "^18.2.0"
      }
    },
    "../../node_modules/.pnpm/@bufbuild+buf@1.19.0-1/node_modules/@bufbuild/buf": {
      "version": "1.19.0-1",
      "dev": true,
      "hasInstallScript": true,
      "license": "Apache-2.0",
      "bin": {
        "buf": "bin/buf",
        "protoc-gen-buf-breaking": "bin/protoc-gen-buf-breaking",
        "protoc-gen-buf-lint": "bin/protoc-gen-buf-lint"
      },
      "devDependencies": {
        "@types/node": "18.11.18",
        "esbuild": "^0.17.5",
        "typescript": "4.9.5"
      },
      "engines": {
        "node": ">=12"
      },
      "optionalDependencies": {
        "@bufbuild/buf-darwin-arm64": "1.19.0-1",
        "@bufbuild/buf-darwin-x64": "1.19.0-1",
        "@bufbuild/buf-linux-aarch64": "1.19.0-1",
        "@bufbuild/buf-linux-x64": "1.19.0-1",
        "@bufbuild/buf-win32-arm64": "1.19.0-1",
        "@bufbuild/buf-win32-x64": "1.19.0-1"
      }
    },
    "../../node_modules/.pnpm/@bufbuild+connect-web@0.9.1_@bufbuild+protobuf@1.2.0/node_modules/@bufbuild/connect-web": {
      "version": "0.9.1",
      "dev": true,
      "license": "Apache-2.0",
      "dependencies": {
        "@bufbuild/connect": "0.9.1"
      },
      "peerDependencies": {
        "@bufbuild/protobuf": "^1.2.0"
      }
    },
    "../../node_modules/.pnpm/@bufbuild+connect@0.9.1_@bufbuild+protobuf@1.2.0/node_modules/@bufbuild/connect": {
      "version": "0.9.1",
      "dev": true,
      "license": "Apache-2.0",
      "devDependencies": {
        "@bufbuild/protoc-gen-es": "^1.2.0",
        "@types/jasmine": "^4.3.0",
        "jasmine": "^4.5.0",
        "undici": "^5.22.0"
      },
      "peerDependencies": {
        "@bufbuild/protobuf": "^1.2.0"
      }
    },
    "../../node_modules/.pnpm/@bufbuild+protobuf@1.2.0/node_modules/@bufbuild/protobuf": {
      "version": "1.2.0",
      "dev": true,
      "license": "(Apache-2.0 AND BSD-3-Clause)"
    },
    "../../node_modules/.pnpm/@bufbuild+protoc-gen-connect-es@0.9.0_@bufbuild+protoc-gen-es@1.2.0/node_modules/@bufbuild/protoc-gen-connect-es": {
      "version": "0.9.0",
      "dev": true,
      "license": "Apache-2.0",
      "dependencies": {
        "@bufbuild/protobuf": "^1.2.0",
        "@bufbuild/protoplugin": "^1.2.0"
      },
      "bin": {
        "protoc-gen-connect-es": "bin/protoc-gen-connect-es"
      },
      "engines": {
        "node": ">=16.0.0"
      },
      "peerDependencies": {
        "@bufbuild/connect": "0.9.0",
        "@bufbuild/protoc-gen-es": "^1.2.0"
      },
      "peerDependenciesMeta": {
        "@bufbuild/connect": {
          "optional": true
        },
        "@bufbuild/protoc-gen-es": {
          "optional": true
        }
      }
    },
    "../../node_modules/.pnpm/@bufbuild+protoc-gen-es@1.2.0_@bufbuild+protobuf@1.2.0/node_modules/@bufbuild/protoc-gen-es": {
      "version": "1.2.0",
      "dev": true,
      "license": "Apache-2.0",
      "dependencies": {
        "@bufbuild/protoplugin": "1.2.0"
      },
      "bin": {
        "protoc-gen-es": "bin/protoc-gen-es"
      },
      "engines": {
        "node": ">=14"
      },
      "peerDependencies": {
        "@bufbuild/protobuf": "1.2.0"
      },
      "peerDependenciesMeta": {
        "@bufbuild/protobuf": {
          "optional": true
        }
      }
    },
    "../../node_modules/.pnpm/@bufbuild+protoplugin@1.2.0/node_modules/@bufbuild/protoplugin": {
      "version": "1.2.0",
      "dev": true,
      "license": "(Apache-2.0 AND BSD-3-Clause)",
      "dependencies": {
        "@bufbuild/protobuf": "1.2.0",
        "@typescript/vfs": "^1.4.0",
        "typescript": "4.5.2"
      },
      "devDependencies": {
        "@types/lz-string": "^1.3.34"
      }
    },
    "../../node_modules/.pnpm/@tanstack+react-query@4.29.7_react-dom@18.2.0_react@18.2.0/node_modules/@tanstack/react-query": {
      "version": "4.29.7",
      "dev": true,
      "license": "MIT",
      "dependencies": {
        "@tanstack/query-core": "4.29.7",
        "use-sync-external-store": "^1.2.0"
      },
      "devDependencies": {
        "@types/jscodeshift": "^0.11.3",
        "@types/react": "^18.0.14",
        "@types/react-dom": "^18.0.5",
        "@types/use-sync-external-store": "^0.0.3",
        "jscodeshift": "^0.13.1",
        "react": "^18.2.0",
        "react-17": "npm:react@^17.0.2",
        "react-dom": "^18.2.0",
        "react-dom-17": "npm:react-dom@^17.0.2",
        "react-error-boundary": "^3.1.4"
      },
      "funding": {
        "type": "github",
        "url": "https://github.com/sponsors/tannerlinsley"
      },
      "peerDependencies": {
        "react": "^16.8.0 || ^17.0.0 || ^18.0.0",
        "react-dom": "^16.8.0 || ^17.0.0 || ^18.0.0",
        "react-native": "*"
      },
      "peerDependenciesMeta": {
        "react-dom": {
          "optional": true
        },
        "react-native": {
          "optional": true
        }
      }
    },
    "../../node_modules/.pnpm/@testing-library+react@14.0.0_react-dom@18.2.0_react@18.2.0/node_modules/@testing-library/react": {
      "version": "14.0.0",
      "dev": true,
      "license": "MIT",
      "dependencies": {
        "@babel/runtime": "^7.12.5",
        "@testing-library/dom": "^9.0.0",
        "@types/react-dom": "^18.0.0"
      },
      "devDependencies": {
        "@testing-library/jest-dom": "^5.11.6",
        "chalk": "^4.1.2",
        "dotenv-cli": "^4.0.0",
        "jest-diff": "^29.4.1",
        "kcd-scripts": "^13.0.0",
        "npm-run-all": "^4.1.5",
        "react": "^18.0.0",
        "react-dom": "^18.0.0",
        "rimraf": "^3.0.2",
        "typescript": "^4.1.2"
      },
      "engines": {
        "node": ">=14"
      },
      "peerDependencies": {
        "react": "^18.0.0",
        "react-dom": "^18.0.0"
      }
    },
    "../../node_modules/.pnpm/@types+react-dom@18.2.4/node_modules/@types/react-dom": {
      "version": "18.2.4",
      "dev": true,
      "license": "MIT",
      "dependencies": {
        "@types/react": "*"
      }
    },
    "../../node_modules/.pnpm/@types+react@18.2.6/node_modules/@types/react": {
      "version": "18.2.6",
      "dev": true,
      "license": "MIT",
      "dependencies": {
        "@types/prop-types": "*",
        "@types/scheduler": "*",
        "csstype": "^3.0.2"
      }
    },
    "../../node_modules/.pnpm/jest-environment-jsdom@29.5.0/node_modules/jest-environment-jsdom": {
      "version": "29.5.0",
      "license": "MIT",
      "peer": true,
      "dependencies": {
        "@jest/environment": "^29.5.0",
        "@jest/fake-timers": "^29.5.0",
        "@jest/types": "^29.5.0",
        "@types/jsdom": "^20.0.0",
        "@types/node": "*",
        "jest-mock": "^29.5.0",
        "jest-util": "^29.5.0",
        "jsdom": "^20.0.0"
      },
      "devDependencies": {
        "@jest/test-utils": "^29.5.0"
      },
      "engines": {
        "node": "^14.15.0 || ^16.10.0 || >=18.0.0"
      },
      "peerDependencies": {
        "canvas": "^2.5.0"
      },
      "peerDependenciesMeta": {
        "canvas": {
          "optional": true
        }
      }
    },
    "../../node_modules/.pnpm/react-dom@18.2.0_react@18.2.0/node_modules/react-dom": {
      "version": "18.2.0",
      "dev": true,
      "license": "MIT",
      "dependencies": {
        "loose-envify": "^1.1.0",
        "scheduler": "^0.23.0"
      },
      "peerDependencies": {
        "react": "^18.2.0"
      }
    },
    "../../node_modules/.pnpm/react@18.2.0/node_modules/react": {
      "version": "18.2.0",
      "dev": true,
      "license": "MIT",
      "dependencies": {
        "loose-envify": "^1.1.0"
      },
      "engines": {
        "node": ">=0.10.0"
      }
    },
    "../../node_modules/.pnpm/stable-hash@0.0.3/node_modules/stable-hash": {
      "version": "0.0.3",
      "license": "MIT",
      "devDependencies": {
        "@types/jest": "^28.1.3",
        "base64-url": "^2.3.3",
        "esbuild": "^0.12.28",
        "flattie": "^1.1.0",
        "hash-obj": "^4.0.0",
        "jest": "^28.1.1",
        "json-stringify-deterministic": "^1.0.7",
        "nanobench": "^2.1.1",
        "prettier": "^2.7.1",
        "ts-jest": "^28.0.5",
        "typescript": "^4.7.4"
      }
    },
    "../../node_modules/.pnpm/tsup@6.7.0_ts-node@10.9.1_typescript@5.0.4/node_modules/tsup": {
      "version": "6.7.0",
      "dev": true,
      "license": "MIT",
      "dependencies": {
        "bundle-require": "^4.0.0",
        "cac": "^6.7.12",
        "chokidar": "^3.5.1",
        "debug": "^4.3.1",
        "esbuild": "^0.17.6",
        "execa": "^5.0.0",
        "globby": "^11.0.3",
        "joycon": "^3.0.1",
        "postcss-load-config": "^3.0.1",
        "resolve-from": "^5.0.0",
        "rollup": "^3.2.5",
        "source-map": "0.8.0-beta.0",
        "sucrase": "^3.20.3",
        "tree-kill": "^1.2.2"
      },
      "bin": {
        "tsup": "dist/cli-default.js",
        "tsup-node": "dist/cli-node.js"
      },
      "devDependencies": {
        "@rollup/plugin-json": "5.0.1",
        "@swc/core": "1.2.218",
        "@types/debug": "4.1.7",
        "@types/flat": "5.0.2",
        "@types/fs-extra": "9.0.13",
        "@types/node": "14.18.12",
        "@types/resolve": "1.20.1",
        "colorette": "2.0.16",
        "consola": "2.15.3",
        "flat": "5.0.2",
        "fs-extra": "10.0.0",
        "postcss": "8.4.12",
        "postcss-simple-vars": "6.0.3",
        "prettier": "2.5.1",
        "resolve": "1.20.0",
        "rollup-plugin-dts": "5.3.0",
        "rollup-plugin-hashbang": "2.2.2",
        "strip-json-comments": "4.0.0",
        "svelte": "3.46.4",
        "terser": "^5.16.0",
        "ts-essentials": "9.1.2",
        "tsconfig-paths": "3.12.0",
        "tsup": "6.6.1",
        "typescript": "5.0.2",
        "vitest": "0.28.4",
        "wait-for-expect": "3.0.2"
      },
      "engines": {
        "node": ">=14.18"
      },
      "peerDependencies": {
        "@swc/core": "^1",
        "postcss": "^8.4.12",
        "typescript": ">=4.1.0"
      },
      "peerDependenciesMeta": {
        "@swc/core": {
          "optional": true
        },
        "postcss": {
          "optional": true
        },
        "typescript": {
          "optional": true
        }
      }
    },
    "../../node_modules/.pnpm/typescript@5.0.4/node_modules/typescript": {
      "version": "5.0.4",
      "dev": true,
      "license": "Apache-2.0",
      "bin": {
        "tsc": "bin/tsc",
        "tsserver": "bin/tsserver"
      },
      "devDependencies": {
        "@esfx/canceltoken": "^1.0.0",
        "@octokit/rest": "latest",
        "@types/chai": "^4.3.4",
        "@types/fs-extra": "^9.0.13",
        "@types/glob": "^8.1.0",
        "@types/microsoft__typescript-etw": "^0.1.1",
        "@types/minimist": "^1.2.2",
        "@types/mocha": "^10.0.1",
        "@types/ms": "^0.7.31",
        "@types/node": "latest",
        "@types/source-map-support": "^0.5.6",
        "@types/which": "^2.0.1",
        "@typescript-eslint/eslint-plugin": "^5.33.1",
        "@typescript-eslint/parser": "^5.33.1",
        "@typescript-eslint/utils": "^5.33.1",
        "azure-devops-node-api": "^11.2.0",
        "chai": "^4.3.7",
        "chalk": "^4.1.2",
        "chokidar": "^3.5.3",
        "del": "^6.1.1",
        "diff": "^5.1.0",
        "esbuild": "^0.17.2",
        "eslint": "^8.22.0",
        "eslint-formatter-autolinkable-stylish": "^1.2.0",
        "eslint-plugin-import": "^2.26.0",
        "eslint-plugin-local": "^1.0.0",
        "eslint-plugin-no-null": "^1.0.2",
        "eslint-plugin-simple-import-sort": "^10.0.0",
        "fast-xml-parser": "^4.0.11",
        "fs-extra": "^9.1.0",
        "glob": "^8.1.0",
        "hereby": "^1.6.4",
        "jsonc-parser": "^3.2.0",
        "minimist": "^1.2.8",
        "mocha": "^10.2.0",
        "mocha-fivemat-progress-reporter": "^0.1.0",
        "ms": "^2.1.3",
        "node-fetch": "^3.2.10",
        "source-map-support": "^0.5.21",
        "typescript": "5.0.0-dev.20230112",
        "which": "^2.0.2"
      },
      "engines": {
        "node": ">=12.20"
      }
    },
    "../../node_modules/.pnpm/typescript@5.1.6/node_modules/typescript": {
      "version": "5.1.6",
      "dev": true,
      "license": "Apache-2.0",
      "bin": {
        "tsc": "bin/tsc",
        "tsserver": "bin/tsserver"
      },
      "devDependencies": {
        "@esfx/canceltoken": "^1.0.0",
        "@octokit/rest": "latest",
        "@types/chai": "^4.3.4",
        "@types/fs-extra": "^9.0.13",
        "@types/glob": "^8.1.0",
        "@types/microsoft__typescript-etw": "^0.1.1",
        "@types/minimist": "^1.2.2",
        "@types/mocha": "^10.0.1",
        "@types/ms": "^0.7.31",
        "@types/node": "latest",
        "@types/source-map-support": "^0.5.6",
        "@types/which": "^2.0.1",
        "@typescript-eslint/eslint-plugin": "^5.33.1",
        "@typescript-eslint/parser": "^5.33.1",
        "@typescript-eslint/utils": "^5.33.1",
        "azure-devops-node-api": "^12.0.0",
        "chai": "^4.3.7",
        "chalk": "^4.1.2",
        "chokidar": "^3.5.3",
        "del": "^6.1.1",
        "diff": "^5.1.0",
        "esbuild": "^0.17.2",
        "eslint": "^8.22.0",
        "eslint-formatter-autolinkable-stylish": "^1.2.0",
        "eslint-plugin-import": "^2.26.0",
        "eslint-plugin-local": "^1.0.0",
        "eslint-plugin-no-null": "^1.0.2",
        "eslint-plugin-simple-import-sort": "^10.0.0",
        "fast-xml-parser": "^4.0.11",
        "fs-extra": "^9.1.0",
        "glob": "^8.1.0",
        "hereby": "^1.6.4",
        "jsonc-parser": "^3.2.0",
        "minimist": "^1.2.8",
        "mocha": "^10.2.0",
        "mocha-fivemat-progress-reporter": "^0.1.0",
        "ms": "^2.1.3",
        "node-fetch": "^3.2.10",
        "source-map-support": "^0.5.21",
        "tslib": "^2.5.0",
        "typescript": "^5.0.2",
        "which": "^2.0.2"
      },
      "engines": {
        "node": ">=14.17"
      }
    },
    "../generated-react": {
      "version": "0.0.0",
      "dev": true,
      "license": "Apache-2.0",
      "dependencies": {
        "@bufbuild/buf": "1.19.0-1",
        "@bufbuild/connect": "0.9.0",
        "@bufbuild/connect-query": "workspace:*",
        "@bufbuild/protobuf": "^1.2.0",
        "@bufbuild/protoc-gen-connect-es": "^0.9.0",
        "@bufbuild/protoc-gen-connect-query": "workspace:*",
        "@bufbuild/protoc-gen-connect-query-react": "workspace:*",
        "@bufbuild/protoc-gen-es": "^1.2.0",
        "@tanstack/react-query": "^4.29.7"
      },
      "engines": {
        "node": ">=16"
      }
    },
    "../generated-react/node_modules/@bufbuild/buf": {
      "resolved": "../../node_modules/.pnpm/@bufbuild+buf@1.19.0-1/node_modules/@bufbuild/buf",
      "link": true
    },
    "../generated-react/node_modules/@bufbuild/connect-query": {
      "resolved": "",
      "link": true
    },
    "../generated-react/node_modules/@bufbuild/protobuf": {
      "resolved": "../../node_modules/.pnpm/@bufbuild+protobuf@1.2.0/node_modules/@bufbuild/protobuf",
      "link": true
    },
    "../generated-react/node_modules/@bufbuild/protoc-gen-connect-es": {
      "resolved": "../../node_modules/.pnpm/@bufbuild+protoc-gen-connect-es@0.9.0_@bufbuild+protoc-gen-es@1.2.0/node_modules/@bufbuild/protoc-gen-connect-es",
      "link": true
    },
    "../generated-react/node_modules/@bufbuild/protoc-gen-connect-query": {
      "resolved": "../protoc-gen-connect-query",
      "link": true
    },
    "../generated-react/node_modules/@bufbuild/protoc-gen-connect-query-react": {
      "resolved": "../protoc-gen-connect-query-react",
      "link": true
    },
    "../generated-react/node_modules/@bufbuild/protoc-gen-es": {
      "resolved": "../../node_modules/.pnpm/@bufbuild+protoc-gen-es@1.2.0_@bufbuild+protobuf@1.2.0/node_modules/@bufbuild/protoc-gen-es",
      "link": true
    },
    "../protoc-gen-connect-query": {
      "name": "@bufbuild/protoc-gen-connect-query",
      "version": "0.4.0",
      "dev": true,
      "license": "Apache-2.0",
      "dependencies": {
        "@bufbuild/protobuf": "^1.2.0",
        "@bufbuild/protoplugin": "^1.2.0"
      },
      "bin": {
        "protoc-gen-connect-query": "bin/protoc-gen-connect-query"
      },
      "devDependencies": {
        "@bufbuild/protoc-gen-connect-es": "^0.9.0",
        "@bufbuild/protoc-gen-es": "^1.2.0",
        "generated-react": "workspace:*",
        "typescript": "^5.0.4"
      },
      "engines": {
        "node": ">=16"
      },
      "peerDependencies": {
        "@bufbuild/protoc-gen-es": "1.x"
      },
      "peerDependenciesMeta": {
        "@bufbuild/protoc-gen-es": {
          "optional": true
        }
      }
    },
    "../protoc-gen-connect-query-react": {
      "name": "@bufbuild/protoc-gen-connect-query-react",
      "version": "0.0.2",
      "dev": true,
      "license": "Apache-2.0",
      "dependencies": {
        "@bufbuild/protobuf": "^1.2.0",
        "@bufbuild/protoplugin": "^1.2.0"
      },
      "bin": {
        "protoc-gen-connect-query-react": "bin/protoc-gen-connect-query-react"
      },
      "devDependencies": {
        "@bufbuild/protoc-gen-connect-es": "^0.9.0",
        "@bufbuild/protoc-gen-connect-query": "workspace:*",
        "@bufbuild/protoc-gen-es": "^1.2.0",
        "generated-react": "workspace:*",
        "typescript": "^5.1.6"
      },
      "engines": {
        "node": ">=16"
      },
      "peerDependencies": {
        "@bufbuild/protoc-gen-es": "1.x"
      },
      "peerDependenciesMeta": {
        "@bufbuild/protoc-gen-es": {
          "optional": true
        }
      }
    },
    "../protoc-gen-connect-query-react/node_modules/@bufbuild/protobuf": {
      "resolved": "../../node_modules/.pnpm/@bufbuild+protobuf@1.2.0/node_modules/@bufbuild/protobuf",
      "link": true
    },
    "../protoc-gen-connect-query-react/node_modules/@bufbuild/protoc-gen-connect-es": {
      "resolved": "../../node_modules/.pnpm/@bufbuild+protoc-gen-connect-es@0.9.0_@bufbuild+protoc-gen-es@1.2.0/node_modules/@bufbuild/protoc-gen-connect-es",
      "link": true
    },
    "../protoc-gen-connect-query-react/node_modules/@bufbuild/protoc-gen-connect-query": {
      "resolved": "../protoc-gen-connect-query",
      "link": true
    },
    "../protoc-gen-connect-query-react/node_modules/@bufbuild/protoc-gen-es": {
      "resolved": "../../node_modules/.pnpm/@bufbuild+protoc-gen-es@1.2.0_@bufbuild+protobuf@1.2.0/node_modules/@bufbuild/protoc-gen-es",
      "link": true
    },
    "../protoc-gen-connect-query-react/node_modules/@bufbuild/protoplugin": {
      "resolved": "../../node_modules/.pnpm/@bufbuild+protoplugin@1.2.0/node_modules/@bufbuild/protoplugin",
      "link": true
    },
    "../protoc-gen-connect-query-react/node_modules/generated-react": {
      "resolved": "../generated-react",
      "link": true
    },
    "../protoc-gen-connect-query-react/node_modules/typescript": {
      "resolved": "../../node_modules/.pnpm/typescript@5.1.6/node_modules/typescript",
      "link": true
    },
    "../protoc-gen-connect-query/node_modules/@bufbuild/protobuf": {
      "resolved": "../../node_modules/.pnpm/@bufbuild+protobuf@1.2.0/node_modules/@bufbuild/protobuf",
      "link": true
    },
    "../protoc-gen-connect-query/node_modules/@bufbuild/protoc-gen-connect-es": {
      "resolved": "../../node_modules/.pnpm/@bufbuild+protoc-gen-connect-es@0.9.0_@bufbuild+protoc-gen-es@1.2.0/node_modules/@bufbuild/protoc-gen-connect-es",
      "link": true
    },
    "../protoc-gen-connect-query/node_modules/@bufbuild/protoc-gen-es": {
      "resolved": "../../node_modules/.pnpm/@bufbuild+protoc-gen-es@1.2.0_@bufbuild+protobuf@1.2.0/node_modules/@bufbuild/protoc-gen-es",
      "link": true
    },
    "../protoc-gen-connect-query/node_modules/@bufbuild/protoplugin": {
      "resolved": "../../node_modules/.pnpm/@bufbuild+protoplugin@1.2.0/node_modules/@bufbuild/protoplugin",
      "link": true
    },
    "../protoc-gen-connect-query/node_modules/generated-react": {
      "resolved": "../generated-react",
      "link": true
    },
    "../protoc-gen-connect-query/node_modules/typescript": {
      "resolved": "../../node_modules/.pnpm/typescript@5.0.4/node_modules/typescript",
      "link": true
    },
    "node_modules/@bufbuild/connect": {
      "resolved": "../../node_modules/.pnpm/@bufbuild+connect@0.9.1_@bufbuild+protobuf@1.2.0/node_modules/@bufbuild/connect",
      "link": true
    },
    "node_modules/@bufbuild/connect-web": {
      "resolved": "../../node_modules/.pnpm/@bufbuild+connect-web@0.9.1_@bufbuild+protobuf@1.2.0/node_modules/@bufbuild/connect-web",
      "link": true
    },
    "node_modules/@bufbuild/jest-environment-jsdom": {
      "version": "0.1.0",
      "resolved": "https://registry.npmjs.org/@bufbuild/jest-environment-jsdom/-/jest-environment-jsdom-0.1.0.tgz",
      "integrity": "sha512-qYpoZqxHR8X4xr9wxGm8zUkuZ4wXKQBxCt/Sob1ciHOye5JEeFQME/Pc4qPMeTJIuDeslzuEWadhnaLxG7CkCg==",
      "peerDependencies": {
        "jest-environment-jsdom": "^29.5.0"
      }
    },
    "node_modules/@bufbuild/protobuf": {
      "resolved": "../../node_modules/.pnpm/@bufbuild+protobuf@1.2.0/node_modules/@bufbuild/protobuf",
      "link": true
    },
    "node_modules/@bufbuild/protoc-gen-es": {
      "resolved": "../../node_modules/.pnpm/@bufbuild+protoc-gen-es@1.2.0_@bufbuild+protobuf@1.2.0/node_modules/@bufbuild/protoc-gen-es",
      "link": true
    },
    "node_modules/@tanstack/react-query": {
      "resolved": "../../node_modules/.pnpm/@tanstack+react-query@4.29.7_react-dom@18.2.0_react@18.2.0/node_modules/@tanstack/react-query",
      "link": true
    },
    "node_modules/@testing-library/react": {
      "resolved": "../../node_modules/.pnpm/@testing-library+react@14.0.0_react-dom@18.2.0_react@18.2.0/node_modules/@testing-library/react",
      "link": true
    },
    "node_modules/@types/react": {
      "resolved": "../../node_modules/.pnpm/@types+react@18.2.6/node_modules/@types/react",
      "link": true
    },
    "node_modules/@types/react-dom": {
      "resolved": "../../node_modules/.pnpm/@types+react-dom@18.2.4/node_modules/@types/react-dom",
      "link": true
    },
    "node_modules/generated-react": {
      "resolved": "../generated-react",
      "link": true
    },
    "node_modules/jest-environment-jsdom": {
      "resolved": "../../node_modules/.pnpm/jest-environment-jsdom@29.5.0/node_modules/jest-environment-jsdom",
      "link": true
    },
    "node_modules/react": {
      "resolved": "../../node_modules/.pnpm/react@18.2.0/node_modules/react",
      "link": true
    },
    "node_modules/react-dom": {
      "resolved": "../../node_modules/.pnpm/react-dom@18.2.0_react@18.2.0/node_modules/react-dom",
      "link": true
    },
    "node_modules/stable-hash": {
      "resolved": "../../node_modules/.pnpm/stable-hash@0.0.3/node_modules/stable-hash",
      "link": true
    },
    "node_modules/tsup": {
      "resolved": "../../node_modules/.pnpm/tsup@6.7.0_ts-node@10.9.1_typescript@5.0.4/node_modules/tsup",
      "link": true
    },
    "node_modules/typescript": {
      "resolved": "../../node_modules/.pnpm/typescript@5.0.4/node_modules/typescript",
      "link": true
    }
  }
}
